
Microsoft Visual Studio Solution File, Format Version 12.00
# Visual Studio Version 17
VisualStudioVersion = 17.10.34916.146
MinimumVisualStudioVersion = 10.0.40219.1
Project("{FAE04EC0-301F-11D3-BF4B-00C04F79EFBC}") = "2048", "2048.csproj", "{DD25BBAC-FBBD-47CD-91A8-240D80CC9425}"
EndProject
Global
	GlobalSection(SolutionConfigurationPlatforms) = preSolution
		Debug|Any CPU = Debug|Any CPU
		Release|Any CPU = Release|Any CPU
	EndGlobalSection
	GlobalSection(ProjectConfigurationPlatforms) = postSolution
		{DD25BBAC-FBBD-47CD-91A8-240D80CC9425}.Debug|Any CPU.ActiveCfg = Debug|Any CPU
		{DD25BBAC-FBBD-47CD-91A8-240D80CC9425}.Debug|Any CPU.Build.0 = Debug|Any CPU
		{DD25BBAC-FBBD-47CD-91A8-240D80CC9425}.Release|Any CPU.ActiveCfg = Release|Any CPU
		{DD25BBAC-FBBD-47CD-91A8-240D80CC9425}.Release|Any CPU.Build.0 = Release|Any CPU
	EndGlobalSection
	GlobalSection(SolutionProperties) = preSolution
		HideSolutionNode = FALSE
	EndGlobalSection
	GlobalSection(ExtensibilityGlobals) = postSolution
		SolutionGuid = {C8FE24AD-3375-4C9E-8EFE-7760AEE7AAF6}
	EndGlobalSection
EndGlobal
